
Microsoft Visual Studio Solution File, Format Version 12.00
# Visual Studio 2013
VisualStudioVersion = 12.0.30501.0
MinimumVisualStudioVersion = 10.0.40219.1
Project("{FAE04EC0-301F-11D3-BF4B-00C04F79EFBC}") = "RateMyApp", "RateMyApp\RateMyAppXAML.csproj", "{1F8048CE-C718-4CEB-A3B2-71F5D9EE411F}"
EndProject
Project("{FAE04EC0-301F-11D3-BF4B-00C04F79EFBC}") = "RateMyWindowsRuntimeXAMLHubApp", "RateMyAppDemos\WP81\Windows Runtime\RateMyWindowsRuntimeXAMLHubApp\RateMyWindowsRuntimeXAMLHubApp.csproj", "{47506AD4-BEAF-4253-BD40-A565A1743A03}"
EndProject
Global
	GlobalSection(SolutionConfigurationPlatforms) = preSolution
		Debug|Any CPU = Debug|Any CPU
		Debug|ARM = Debug|ARM
		Debug|x86 = Debug|x86
		Release|Any CPU = Release|Any CPU
		Release|ARM = Release|ARM
		Release|x86 = Release|x86
	EndGlobalSection
	GlobalSection(ProjectConfigurationPlatforms) = postSolution
		{1F8048CE-C718-4CEB-A3B2-71F5D9EE411F}.Debug|Any CPU.ActiveCfg = Debug|Any CPU
		{1F8048CE-C718-4CEB-A3B2-71F5D9EE411F}.Debug|Any CPU.Build.0 = Debug|Any CPU
		{1F8048CE-C718-4CEB-A3B2-71F5D9EE411F}.Debug|ARM.ActiveCfg = Debug|ARM
		{1F8048CE-C718-4CEB-A3B2-71F5D9EE411F}.Debug|ARM.Build.0 = Debug|ARM
		{1F8048CE-C718-4CEB-A3B2-71F5D9EE411F}.Debug|x86.ActiveCfg = Debug|x86
		{1F8048CE-C718-4CEB-A3B2-71F5D9EE411F}.Debug|x86.Build.0 = Debug|x86
		{1F8048CE-C718-4CEB-A3B2-71F5D9EE411F}.Release|Any CPU.ActiveCfg = Release|Any CPU
		{1F8048CE-C718-4CEB-A3B2-71F5D9EE411F}.Release|Any CPU.Build.0 = Release|Any CPU
		{1F8048CE-C718-4CEB-A3B2-71F5D9EE411F}.Release|ARM.ActiveCfg = Release|ARM
		{1F8048CE-C718-4CEB-A3B2-71F5D9EE411F}.Release|ARM.Build.0 = Release|ARM
		{1F8048CE-C718-4CEB-A3B2-71F5D9EE411F}.Release|x86.ActiveCfg = Release|x86
		{1F8048CE-C718-4CEB-A3B2-71F5D9EE411F}.Release|x86.Build.0 = Release|x86
		{D1087C00-0BA3-4F8B-8750-AE556EB6BB17}.Debug|Any CPU.ActiveCfg = Debug|Any CPU
		{D1087C00-0BA3-4F8B-8750-AE556EB6BB17}.Debug|Any CPU.Build.0 = Debug|Any CPU
		{D1087C00-0BA3-4F8B-8750-AE556EB6BB17}.Debug|Any CPU.Deploy.0 = Debug|Any CPU
		{D1087C00-0BA3-4F8B-8750-AE556EB6BB17}.Debug|ARM.ActiveCfg = Debug|ARM
		{D1087C00-0BA3-4F8B-8750-AE556EB6BB17}.Debug|ARM.Build.0 = Debug|ARM
		{D1087C00-0BA3-4F8B-8750-AE556EB6BB17}.Debug|ARM.Deploy.0 = Debug|ARM
		{D1087C00-0BA3-4F8B-8750-AE556EB6BB17}.Debug|x86.ActiveCfg = Debug|x86
		{D1087C00-0BA3-4F8B-8750-AE556EB6BB17}.Debug|x86.Build.0 = Debug|x86
		{D1087C00-0BA3-4F8B-8750-AE556EB6BB17}.Debug|x86.Deploy.0 = Debug|x86
		{D1087C00-0BA3-4F8B-8750-AE556EB6BB17}.Release|Any CPU.ActiveCfg = Release|Any CPU
		{D1087C00-0BA3-4F8B-8750-AE556EB6BB17}.Release|Any CPU.Build.0 = Release|Any CPU
		{D1087C00-0BA3-4F8B-8750-AE556EB6BB17}.Release|Any CPU.Deploy.0 = Release|Any CPU
		{D1087C00-0BA3-4F8B-8750-AE556EB6BB17}.Release|ARM.ActiveCfg = Release|ARM
		{D1087C00-0BA3-4F8B-8750-AE556EB6BB17}.Release|ARM.Build.0 = Release|ARM
		{D1087C00-0BA3-4F8B-8750-AE556EB6BB17}.Release|ARM.Deploy.0 = Release|ARM
		{D1087C00-0BA3-4F8B-8750-AE556EB6BB17}.Release|x86.ActiveCfg = Release|x86
		{D1087C00-0BA3-4F8B-8750-AE556EB6BB17}.Release|x86.Build.0 = Release|x86
		{D1087C00-0BA3-4F8B-8750-AE556EB6BB17}.Release|x86.Deploy.0 = Release|x86
		{47506AD4-BEAF-4253-BD40-A565A1743A03}.Debug|Any CPU.ActiveCfg = Debug|Any CPU
		{47506AD4-BEAF-4253-BD40-A565A1743A03}.Debug|Any CPU.Build.0 = Debug|Any CPU
		{47506AD4-BEAF-4253-BD40-A565A1743A03}.Debug|Any CPU.Deploy.0 = Debug|Any CPU
		{47506AD4-BEAF-4253-BD40-A565A1743A03}.Debug|ARM.ActiveCfg = Debug|ARM
		{47506AD4-BEAF-4253-BD40-A565A1743A03}.Debug|ARM.Build.0 = Debug|ARM
		{47506AD4-BEAF-4253-BD40-A565A1743A03}.Debug|ARM.Deploy.0 = Debug|ARM
		{47506AD4-BEAF-4253-BD40-A565A1743A03}.Debug|x86.ActiveCfg = Debug|x86
		{47506AD4-BEAF-4253-BD40-A565A1743A03}.Debug|x86.Build.0 = Debug|x86
		{47506AD4-BEAF-4253-BD40-A565A1743A03}.Debug|x86.Deploy.0 = Debug|x86
		{47506AD4-BEAF-4253-BD40-A565A1743A03}.Release|Any CPU.ActiveCfg = Release|Any CPU
		{47506AD4-BEAF-4253-BD40-A565A1743A03}.Release|Any CPU.Build.0 = Release|Any CPU
		{47506AD4-BEAF-4253-BD40-A565A1743A03}.Release|Any CPU.Deploy.0 = Release|Any CPU
		{47506AD4-BEAF-4253-BD40-A565A1743A03}.Release|ARM.ActiveCfg = Release|ARM
		{47506AD4-BEAF-4253-BD40-A565A1743A03}.Release|ARM.Build.0 = Release|ARM
		{47506AD4-BEAF-4253-BD40-A565A1743A03}.Release|ARM.Deploy.0 = Release|ARM
		{47506AD4-BEAF-4253-BD40-A565A1743A03}.Release|x86.ActiveCfg = Release|x86
		{47506AD4-BEAF-4253-BD40-A565A1743A03}.Release|x86.Build.0 = Release|x86
		{47506AD4-BEAF-4253-BD40-A565A1743A03}.Release|x86.Deploy.0 = Release|x86
	EndGlobalSection
	GlobalSection(SolutionProperties) = preSolution
		HideSolutionNode = FALSE
	EndGlobalSection
EndGlobal
