
Microsoft Visual Studio Solution File, Format Version 12.00
# Visual Studio Express 2012 for Windows Phone
Project("{FAE04EC0-301F-11D3-BF4B-00C04F79EFBC}") = "RateMyAppLib", "RateMyAppLib\RateMyAppLib.csproj", "{83C47431-2793-48E3-A2FB-CC6702523314}"
EndProject
Project("{FAE04EC0-301F-11D3-BF4B-00C04F79EFBC}") = "RateMyXamlAppWP7", "RateMyAppDemos\WP7\RateMyXamlAppWP7\RateMyXamlAppWP7.csproj", "{C56DD4A9-E6CB-47EA-A540-C2EF9F629412}"
EndProject
Project("{FAE04EC0-301F-11D3-BF4B-00C04F79EFBC}") = "RateMyXamlXnaApp", "RateMyAppDemos\WP7\RateMyXamlXnaApp\RateMyXamlXnaApp\RateMyXamlXnaApp.csproj", "{021D7204-28E4-4FDF-ACB4-CADEB581CF87}"
EndProject
Project("{FAE04EC0-301F-11D3-BF4B-00C04F79EFBC}") = "RateMyPanoramaApp", "RateMyAppDemos\WP8\RateMyPanoramaApp\RateMyPanoramaApp.csproj", "{75EF9338-4D56-4B90-BF28-AB5F9A784BB4}"
EndProject
Project("{FAE04EC0-301F-11D3-BF4B-00C04F79EFBC}") = "RateMyXamlAppWP8", "RateMyAppDemos\WP8\RateMyXamlAppWP8\RateMyXamlAppWP8.csproj", "{BD80B8CE-23AE-4FD0-ACF5-67499B079A7B}"
EndProject
Project("{FAE04EC0-301F-11D3-BF4B-00C04F79EFBC}") = "RateMyXamlXnaAppLib", "RateMyAppDemos\WP7\RateMyXamlXnaApp\RateMyXamlXnaAppLib\RateMyXamlXnaAppLib.csproj", "{3A7933F3-1861-4362-AC3C-60D706C8C132}"
EndProject
Project("{FAE04EC0-301F-11D3-BF4B-00C04F79EFBC}") = "RateMyXamlXnaAppLibContent", "RateMyAppDemos\WP7\RateMyXamlXnaApp\RateMyXamlXnaAppLibContent\RateMyXamlXnaAppLibContent.contentproj", "{A0DFF84E-FFA6-482C-A244-B8C5673544C9}"
EndProject
Project("{FAE04EC0-301F-11D3-BF4B-00C04F79EFBC}") = "RateMyDirect3DApp", "RateMyAppDemos\WP8\RateMyDirect3DApp\RateMyDirect3DApp\RateMyDirect3DApp.csproj", "{1FD694F5-F268-4DAE-B818-ECA6F3472CB7}"
EndProject
Project("{8BC9CEB8-8B4A-11D0-8D11-00A0C91BC942}") = "RateMyDirect3DAppComp", "RateMyAppDemos\WP8\RateMyDirect3DApp\RateMyDirect3DAppComp\RateMyDirect3DAppComp.vcxproj", "{C0F94AFA-466F-4FC4-B5C1-6CD955F3FF88}"
EndProject
Global
	GlobalSection(SolutionConfigurationPlatforms) = preSolution
		Debug|Any CPU = Debug|Any CPU
		Debug|ARM = Debug|ARM
		Debug|Mixed Platforms = Debug|Mixed Platforms
		Debug|Win32 = Debug|Win32
		Debug|Windows Phone = Debug|Windows Phone
		Debug|x86 = Debug|x86
		Release|Any CPU = Release|Any CPU
		Release|ARM = Release|ARM
		Release|Mixed Platforms = Release|Mixed Platforms
		Release|Win32 = Release|Win32
		Release|Windows Phone = Release|Windows Phone
		Release|x86 = Release|x86
	EndGlobalSection
	GlobalSection(ProjectConfigurationPlatforms) = postSolution
		{83C47431-2793-48E3-A2FB-CC6702523314}.Debug|Any CPU.ActiveCfg = Debug|Any CPU
		{83C47431-2793-48E3-A2FB-CC6702523314}.Debug|Any CPU.Build.0 = Debug|Any CPU
		{83C47431-2793-48E3-A2FB-CC6702523314}.Debug|ARM.ActiveCfg = Debug|Any CPU
		{83C47431-2793-48E3-A2FB-CC6702523314}.Debug|Mixed Platforms.ActiveCfg = Debug|Any CPU
		{83C47431-2793-48E3-A2FB-CC6702523314}.Debug|Mixed Platforms.Build.0 = Debug|Any CPU
		{83C47431-2793-48E3-A2FB-CC6702523314}.Debug|Win32.ActiveCfg = Debug|Any CPU
		{83C47431-2793-48E3-A2FB-CC6702523314}.Debug|Windows Phone.ActiveCfg = Debug|Any CPU
		{83C47431-2793-48E3-A2FB-CC6702523314}.Debug|x86.ActiveCfg = Debug|Any CPU
		{83C47431-2793-48E3-A2FB-CC6702523314}.Release|Any CPU.ActiveCfg = Release|Any CPU
		{83C47431-2793-48E3-A2FB-CC6702523314}.Release|Any CPU.Build.0 = Release|Any CPU
		{83C47431-2793-48E3-A2FB-CC6702523314}.Release|ARM.ActiveCfg = Release|Any CPU
		{83C47431-2793-48E3-A2FB-CC6702523314}.Release|Mixed Platforms.ActiveCfg = Release|Any CPU
		{83C47431-2793-48E3-A2FB-CC6702523314}.Release|Mixed Platforms.Build.0 = Release|Any CPU
		{83C47431-2793-48E3-A2FB-CC6702523314}.Release|Win32.ActiveCfg = Release|Any CPU
		{83C47431-2793-48E3-A2FB-CC6702523314}.Release|Windows Phone.ActiveCfg = Release|Any CPU
		{83C47431-2793-48E3-A2FB-CC6702523314}.Release|x86.ActiveCfg = Release|Any CPU
		{C56DD4A9-E6CB-47EA-A540-C2EF9F629412}.Debug|Any CPU.ActiveCfg = Debug|Any CPU
		{C56DD4A9-E6CB-47EA-A540-C2EF9F629412}.Debug|Any CPU.Build.0 = Debug|Any CPU
		{C56DD4A9-E6CB-47EA-A540-C2EF9F629412}.Debug|Any CPU.Deploy.0 = Debug|Any CPU
		{C56DD4A9-E6CB-47EA-A540-C2EF9F629412}.Debug|ARM.ActiveCfg = Debug|Any CPU
		{C56DD4A9-E6CB-47EA-A540-C2EF9F629412}.Debug|Mixed Platforms.ActiveCfg = Debug|Any CPU
		{C56DD4A9-E6CB-47EA-A540-C2EF9F629412}.Debug|Mixed Platforms.Build.0 = Debug|Any CPU
		{C56DD4A9-E6CB-47EA-A540-C2EF9F629412}.Debug|Mixed Platforms.Deploy.0 = Debug|Any CPU
		{C56DD4A9-E6CB-47EA-A540-C2EF9F629412}.Debug|Win32.ActiveCfg = Debug|Any CPU
		{C56DD4A9-E6CB-47EA-A540-C2EF9F629412}.Debug|Windows Phone.ActiveCfg = Debug|Any CPU
		{C56DD4A9-E6CB-47EA-A540-C2EF9F629412}.Debug|x86.ActiveCfg = Debug|Any CPU
		{C56DD4A9-E6CB-47EA-A540-C2EF9F629412}.Release|Any CPU.ActiveCfg = Release|Any CPU
		{C56DD4A9-E6CB-47EA-A540-C2EF9F629412}.Release|Any CPU.Build.0 = Release|Any CPU
		{C56DD4A9-E6CB-47EA-A540-C2EF9F629412}.Release|Any CPU.Deploy.0 = Release|Any CPU
		{C56DD4A9-E6CB-47EA-A540-C2EF9F629412}.Release|ARM.ActiveCfg = Release|Any CPU
		{C56DD4A9-E6CB-47EA-A540-C2EF9F629412}.Release|Mixed Platforms.ActiveCfg = Release|Any CPU
		{C56DD4A9-E6CB-47EA-A540-C2EF9F629412}.Release|Mixed Platforms.Build.0 = Release|Any CPU
		{C56DD4A9-E6CB-47EA-A540-C2EF9F629412}.Release|Mixed Platforms.Deploy.0 = Release|Any CPU
		{C56DD4A9-E6CB-47EA-A540-C2EF9F629412}.Release|Win32.ActiveCfg = Release|Any CPU
		{C56DD4A9-E6CB-47EA-A540-C2EF9F629412}.Release|Windows Phone.ActiveCfg = Release|Any CPU
		{C56DD4A9-E6CB-47EA-A540-C2EF9F629412}.Release|x86.ActiveCfg = Release|Any CPU
		{021D7204-28E4-4FDF-ACB4-CADEB581CF87}.Debug|Any CPU.ActiveCfg = Debug|Any CPU
		{021D7204-28E4-4FDF-ACB4-CADEB581CF87}.Debug|Any CPU.Build.0 = Debug|Any CPU
		{021D7204-28E4-4FDF-ACB4-CADEB581CF87}.Debug|Any CPU.Deploy.0 = Debug|Any CPU
		{021D7204-28E4-4FDF-ACB4-CADEB581CF87}.Debug|ARM.ActiveCfg = Debug|Any CPU
		{021D7204-28E4-4FDF-ACB4-CADEB581CF87}.Debug|Mixed Platforms.ActiveCfg = Debug|Any CPU
		{021D7204-28E4-4FDF-ACB4-CADEB581CF87}.Debug|Mixed Platforms.Build.0 = Debug|Any CPU
		{021D7204-28E4-4FDF-ACB4-CADEB581CF87}.Debug|Mixed Platforms.Deploy.0 = Debug|Any CPU
		{021D7204-28E4-4FDF-ACB4-CADEB581CF87}.Debug|Win32.ActiveCfg = Debug|Any CPU
		{021D7204-28E4-4FDF-ACB4-CADEB581CF87}.Debug|Windows Phone.ActiveCfg = Debug|Any CPU
		{021D7204-28E4-4FDF-ACB4-CADEB581CF87}.Debug|x86.ActiveCfg = Debug|Any CPU
		{021D7204-28E4-4FDF-ACB4-CADEB581CF87}.Release|Any CPU.ActiveCfg = Release|Any CPU
		{021D7204-28E4-4FDF-ACB4-CADEB581CF87}.Release|Any CPU.Build.0 = Release|Any CPU
		{021D7204-28E4-4FDF-ACB4-CADEB581CF87}.Release|Any CPU.Deploy.0 = Release|Any CPU
		{021D7204-28E4-4FDF-ACB4-CADEB581CF87}.Release|ARM.ActiveCfg = Release|Any CPU
		{021D7204-28E4-4FDF-ACB4-CADEB581CF87}.Release|Mixed Platforms.ActiveCfg = Release|Any CPU
		{021D7204-28E4-4FDF-ACB4-CADEB581CF87}.Release|Mixed Platforms.Build.0 = Release|Any CPU
		{021D7204-28E4-4FDF-ACB4-CADEB581CF87}.Release|Mixed Platforms.Deploy.0 = Release|Any CPU
		{021D7204-28E4-4FDF-ACB4-CADEB581CF87}.Release|Win32.ActiveCfg = Release|Any CPU
		{021D7204-28E4-4FDF-ACB4-CADEB581CF87}.Release|Windows Phone.ActiveCfg = Release|Any CPU
		{021D7204-28E4-4FDF-ACB4-CADEB581CF87}.Release|x86.ActiveCfg = Release|Any CPU
		{75EF9338-4D56-4B90-BF28-AB5F9A784BB4}.Debug|Any CPU.ActiveCfg = Debug|Any CPU
		{75EF9338-4D56-4B90-BF28-AB5F9A784BB4}.Debug|Any CPU.Build.0 = Debug|Any CPU
		{75EF9338-4D56-4B90-BF28-AB5F9A784BB4}.Debug|Any CPU.Deploy.0 = Debug|Any CPU
		{75EF9338-4D56-4B90-BF28-AB5F9A784BB4}.Debug|ARM.ActiveCfg = Debug|ARM
		{75EF9338-4D56-4B90-BF28-AB5F9A784BB4}.Debug|ARM.Build.0 = Debug|ARM
		{75EF9338-4D56-4B90-BF28-AB5F9A784BB4}.Debug|ARM.Deploy.0 = Debug|ARM
		{75EF9338-4D56-4B90-BF28-AB5F9A784BB4}.Debug|Mixed Platforms.ActiveCfg = Debug|x86
		{75EF9338-4D56-4B90-BF28-AB5F9A784BB4}.Debug|Mixed Platforms.Build.0 = Debug|x86
		{75EF9338-4D56-4B90-BF28-AB5F9A784BB4}.Debug|Mixed Platforms.Deploy.0 = Debug|x86
		{75EF9338-4D56-4B90-BF28-AB5F9A784BB4}.Debug|Win32.ActiveCfg = Debug|x86
		{75EF9338-4D56-4B90-BF28-AB5F9A784BB4}.Debug|Win32.Build.0 = Debug|x86
		{75EF9338-4D56-4B90-BF28-AB5F9A784BB4}.Debug|Win32.Deploy.0 = Debug|x86
		{75EF9338-4D56-4B90-BF28-AB5F9A784BB4}.Debug|Windows Phone.ActiveCfg = Debug|Any CPU
		{75EF9338-4D56-4B90-BF28-AB5F9A784BB4}.Debug|x86.ActiveCfg = Debug|x86
		{75EF9338-4D56-4B90-BF28-AB5F9A784BB4}.Debug|x86.Build.0 = Debug|x86
		{75EF9338-4D56-4B90-BF28-AB5F9A784BB4}.Debug|x86.Deploy.0 = Debug|x86
		{75EF9338-4D56-4B90-BF28-AB5F9A784BB4}.Release|Any CPU.ActiveCfg = Release|Any CPU
		{75EF9338-4D56-4B90-BF28-AB5F9A784BB4}.Release|Any CPU.Build.0 = Release|Any CPU
		{75EF9338-4D56-4B90-BF28-AB5F9A784BB4}.Release|Any CPU.Deploy.0 = Release|Any CPU
		{75EF9338-4D56-4B90-BF28-AB5F9A784BB4}.Release|ARM.ActiveCfg = Release|ARM
		{75EF9338-4D56-4B90-BF28-AB5F9A784BB4}.Release|ARM.Build.0 = Release|ARM
		{75EF9338-4D56-4B90-BF28-AB5F9A784BB4}.Release|ARM.Deploy.0 = Release|ARM
		{75EF9338-4D56-4B90-BF28-AB5F9A784BB4}.Release|Mixed Platforms.ActiveCfg = Release|x86
		{75EF9338-4D56-4B90-BF28-AB5F9A784BB4}.Release|Mixed Platforms.Build.0 = Release|x86
		{75EF9338-4D56-4B90-BF28-AB5F9A784BB4}.Release|Mixed Platforms.Deploy.0 = Release|x86
		{75EF9338-4D56-4B90-BF28-AB5F9A784BB4}.Release|Win32.ActiveCfg = Release|x86
		{75EF9338-4D56-4B90-BF28-AB5F9A784BB4}.Release|Win32.Build.0 = Release|x86
		{75EF9338-4D56-4B90-BF28-AB5F9A784BB4}.Release|Win32.Deploy.0 = Release|x86
		{75EF9338-4D56-4B90-BF28-AB5F9A784BB4}.Release|Windows Phone.ActiveCfg = Release|Any CPU
		{75EF9338-4D56-4B90-BF28-AB5F9A784BB4}.Release|x86.ActiveCfg = Release|x86
		{75EF9338-4D56-4B90-BF28-AB5F9A784BB4}.Release|x86.Build.0 = Release|x86
		{75EF9338-4D56-4B90-BF28-AB5F9A784BB4}.Release|x86.Deploy.0 = Release|x86
		{BD80B8CE-23AE-4FD0-ACF5-67499B079A7B}.Debug|Any CPU.ActiveCfg = Debug|Any CPU
		{BD80B8CE-23AE-4FD0-ACF5-67499B079A7B}.Debug|Any CPU.Build.0 = Debug|Any CPU
		{BD80B8CE-23AE-4FD0-ACF5-67499B079A7B}.Debug|Any CPU.Deploy.0 = Debug|Any CPU
		{BD80B8CE-23AE-4FD0-ACF5-67499B079A7B}.Debug|ARM.ActiveCfg = Debug|ARM
		{BD80B8CE-23AE-4FD0-ACF5-67499B079A7B}.Debug|ARM.Build.0 = Debug|ARM
		{BD80B8CE-23AE-4FD0-ACF5-67499B079A7B}.Debug|ARM.Deploy.0 = Debug|ARM
		{BD80B8CE-23AE-4FD0-ACF5-67499B079A7B}.Debug|Mixed Platforms.ActiveCfg = Debug|x86
		{BD80B8CE-23AE-4FD0-ACF5-67499B079A7B}.Debug|Mixed Platforms.Build.0 = Debug|x86
		{BD80B8CE-23AE-4FD0-ACF5-67499B079A7B}.Debug|Mixed Platforms.Deploy.0 = Debug|x86
		{BD80B8CE-23AE-4FD0-ACF5-67499B079A7B}.Debug|Win32.ActiveCfg = Debug|x86
		{BD80B8CE-23AE-4FD0-ACF5-67499B079A7B}.Debug|Win32.Build.0 = Debug|x86
		{BD80B8CE-23AE-4FD0-ACF5-67499B079A7B}.Debug|Win32.Deploy.0 = Debug|x86
		{BD80B8CE-23AE-4FD0-ACF5-67499B079A7B}.Debug|Windows Phone.ActiveCfg = Debug|Any CPU
		{BD80B8CE-23AE-4FD0-ACF5-67499B079A7B}.Debug|x86.ActiveCfg = Debug|x86
		{BD80B8CE-23AE-4FD0-ACF5-67499B079A7B}.Debug|x86.Build.0 = Debug|x86
		{BD80B8CE-23AE-4FD0-ACF5-67499B079A7B}.Debug|x86.Deploy.0 = Debug|x86
		{BD80B8CE-23AE-4FD0-ACF5-67499B079A7B}.Release|Any CPU.ActiveCfg = Release|Any CPU
		{BD80B8CE-23AE-4FD0-ACF5-67499B079A7B}.Release|Any CPU.Build.0 = Release|Any CPU
		{BD80B8CE-23AE-4FD0-ACF5-67499B079A7B}.Release|Any CPU.Deploy.0 = Release|Any CPU
		{BD80B8CE-23AE-4FD0-ACF5-67499B079A7B}.Release|ARM.ActiveCfg = Release|ARM
		{BD80B8CE-23AE-4FD0-ACF5-67499B079A7B}.Release|ARM.Build.0 = Release|ARM
		{BD80B8CE-23AE-4FD0-ACF5-67499B079A7B}.Release|ARM.Deploy.0 = Release|ARM
		{BD80B8CE-23AE-4FD0-ACF5-67499B079A7B}.Release|Mixed Platforms.ActiveCfg = Release|x86
		{BD80B8CE-23AE-4FD0-ACF5-67499B079A7B}.Release|Mixed Platforms.Build.0 = Release|x86
		{BD80B8CE-23AE-4FD0-ACF5-67499B079A7B}.Release|Mixed Platforms.Deploy.0 = Release|x86
		{BD80B8CE-23AE-4FD0-ACF5-67499B079A7B}.Release|Win32.ActiveCfg = Release|x86
		{BD80B8CE-23AE-4FD0-ACF5-67499B079A7B}.Release|Win32.Build.0 = Release|x86
		{BD80B8CE-23AE-4FD0-ACF5-67499B079A7B}.Release|Win32.Deploy.0 = Release|x86
		{BD80B8CE-23AE-4FD0-ACF5-67499B079A7B}.Release|Windows Phone.ActiveCfg = Release|Any CPU
		{BD80B8CE-23AE-4FD0-ACF5-67499B079A7B}.Release|x86.ActiveCfg = Release|x86
		{BD80B8CE-23AE-4FD0-ACF5-67499B079A7B}.Release|x86.Build.0 = Release|x86
		{BD80B8CE-23AE-4FD0-ACF5-67499B079A7B}.Release|x86.Deploy.0 = Release|x86
		{3A7933F3-1861-4362-AC3C-60D706C8C132}.Debug|Any CPU.ActiveCfg = Debug|Windows Phone
		{3A7933F3-1861-4362-AC3C-60D706C8C132}.Debug|ARM.ActiveCfg = Debug|Windows Phone
		{3A7933F3-1861-4362-AC3C-60D706C8C132}.Debug|Mixed Platforms.ActiveCfg = Debug|Windows Phone
		{3A7933F3-1861-4362-AC3C-60D706C8C132}.Debug|Mixed Platforms.Build.0 = Debug|Windows Phone
		{3A7933F3-1861-4362-AC3C-60D706C8C132}.Debug|Win32.ActiveCfg = Debug|Windows Phone
		{3A7933F3-1861-4362-AC3C-60D706C8C132}.Debug|Windows Phone.ActiveCfg = Debug|Windows Phone
		{3A7933F3-1861-4362-AC3C-60D706C8C132}.Debug|Windows Phone.Build.0 = Debug|Windows Phone
		{3A7933F3-1861-4362-AC3C-60D706C8C132}.Debug|x86.ActiveCfg = Debug|Windows Phone
		{3A7933F3-1861-4362-AC3C-60D706C8C132}.Release|Any CPU.ActiveCfg = Release|Windows Phone
		{3A7933F3-1861-4362-AC3C-60D706C8C132}.Release|ARM.ActiveCfg = Release|Windows Phone
		{3A7933F3-1861-4362-AC3C-60D706C8C132}.Release|Mixed Platforms.ActiveCfg = Release|Windows Phone
		{3A7933F3-1861-4362-AC3C-60D706C8C132}.Release|Mixed Platforms.Build.0 = Release|Windows Phone
		{3A7933F3-1861-4362-AC3C-60D706C8C132}.Release|Win32.ActiveCfg = Release|Windows Phone
		{3A7933F3-1861-4362-AC3C-60D706C8C132}.Release|Windows Phone.ActiveCfg = Release|Windows Phone
		{3A7933F3-1861-4362-AC3C-60D706C8C132}.Release|Windows Phone.Build.0 = Release|Windows Phone
		{3A7933F3-1861-4362-AC3C-60D706C8C132}.Release|x86.ActiveCfg = Release|Windows Phone
		{A0DFF84E-FFA6-482C-A244-B8C5673544C9}.Debug|Any CPU.ActiveCfg = Debug|Any CPU
		{A0DFF84E-FFA6-482C-A244-B8C5673544C9}.Debug|ARM.ActiveCfg = Debug|Any CPU
		{A0DFF84E-FFA6-482C-A244-B8C5673544C9}.Debug|Mixed Platforms.ActiveCfg = Debug|Any CPU
		{A0DFF84E-FFA6-482C-A244-B8C5673544C9}.Debug|Win32.ActiveCfg = Debug|Any CPU
		{A0DFF84E-FFA6-482C-A244-B8C5673544C9}.Debug|Windows Phone.ActiveCfg = Debug|Any CPU
		{A0DFF84E-FFA6-482C-A244-B8C5673544C9}.Debug|x86.ActiveCfg = Debug|Any CPU
		{A0DFF84E-FFA6-482C-A244-B8C5673544C9}.Release|Any CPU.ActiveCfg = Debug|Any CPU
		{A0DFF84E-FFA6-482C-A244-B8C5673544C9}.Release|ARM.ActiveCfg = Debug|Any CPU
		{A0DFF84E-FFA6-482C-A244-B8C5673544C9}.Release|Mixed Platforms.ActiveCfg = Debug|Any CPU
		{A0DFF84E-FFA6-482C-A244-B8C5673544C9}.Release|Win32.ActiveCfg = Debug|Any CPU
		{A0DFF84E-FFA6-482C-A244-B8C5673544C9}.Release|Windows Phone.ActiveCfg = Debug|Any CPU
		{A0DFF84E-FFA6-482C-A244-B8C5673544C9}.Release|x86.ActiveCfg = Debug|Any CPU
		{1FD694F5-F268-4DAE-B818-ECA6F3472CB7}.Debug|Any CPU.ActiveCfg = Debug|Any CPU
		{1FD694F5-F268-4DAE-B818-ECA6F3472CB7}.Debug|Any CPU.Build.0 = Debug|Any CPU
		{1FD694F5-F268-4DAE-B818-ECA6F3472CB7}.Debug|Any CPU.Deploy.0 = Debug|Any CPU
		{1FD694F5-F268-4DAE-B818-ECA6F3472CB7}.Debug|ARM.ActiveCfg = Debug|ARM
		{1FD694F5-F268-4DAE-B818-ECA6F3472CB7}.Debug|ARM.Build.0 = Debug|ARM
		{1FD694F5-F268-4DAE-B818-ECA6F3472CB7}.Debug|ARM.Deploy.0 = Debug|ARM
		{1FD694F5-F268-4DAE-B818-ECA6F3472CB7}.Debug|Mixed Platforms.ActiveCfg = Debug|x86
		{1FD694F5-F268-4DAE-B818-ECA6F3472CB7}.Debug|Mixed Platforms.Build.0 = Debug|x86
		{1FD694F5-F268-4DAE-B818-ECA6F3472CB7}.Debug|Mixed Platforms.Deploy.0 = Debug|x86
		{1FD694F5-F268-4DAE-B818-ECA6F3472CB7}.Debug|Win32.ActiveCfg = Debug|x86
		{1FD694F5-F268-4DAE-B818-ECA6F3472CB7}.Debug|Win32.Build.0 = Debug|x86
		{1FD694F5-F268-4DAE-B818-ECA6F3472CB7}.Debug|Win32.Deploy.0 = Debug|x86
		{1FD694F5-F268-4DAE-B818-ECA6F3472CB7}.Debug|Windows Phone.ActiveCfg = Debug|Any CPU
		{1FD694F5-F268-4DAE-B818-ECA6F3472CB7}.Debug|x86.ActiveCfg = Debug|x86
		{1FD694F5-F268-4DAE-B818-ECA6F3472CB7}.Debug|x86.Build.0 = Debug|x86
		{1FD694F5-F268-4DAE-B818-ECA6F3472CB7}.Debug|x86.Deploy.0 = Debug|x86
		{1FD694F5-F268-4DAE-B818-ECA6F3472CB7}.Release|Any CPU.ActiveCfg = Release|Any CPU
		{1FD694F5-F268-4DAE-B818-ECA6F3472CB7}.Release|Any CPU.Build.0 = Release|Any CPU
		{1FD694F5-F268-4DAE-B818-ECA6F3472CB7}.Release|Any CPU.Deploy.0 = Release|Any CPU
		{1FD694F5-F268-4DAE-B818-ECA6F3472CB7}.Release|ARM.ActiveCfg = Release|ARM
		{1FD694F5-F268-4DAE-B818-ECA6F3472CB7}.Release|ARM.Build.0 = Release|ARM
		{1FD694F5-F268-4DAE-B818-ECA6F3472CB7}.Release|ARM.Deploy.0 = Release|ARM
		{1FD694F5-F268-4DAE-B818-ECA6F3472CB7}.Release|Mixed Platforms.ActiveCfg = Release|x86
		{1FD694F5-F268-4DAE-B818-ECA6F3472CB7}.Release|Mixed Platforms.Build.0 = Release|x86
		{1FD694F5-F268-4DAE-B818-ECA6F3472CB7}.Release|Mixed Platforms.Deploy.0 = Release|x86
		{1FD694F5-F268-4DAE-B818-ECA6F3472CB7}.Release|Win32.ActiveCfg = Release|x86
		{1FD694F5-F268-4DAE-B818-ECA6F3472CB7}.Release|Win32.Build.0 = Release|x86
		{1FD694F5-F268-4DAE-B818-ECA6F3472CB7}.Release|Win32.Deploy.0 = Release|x86
		{1FD694F5-F268-4DAE-B818-ECA6F3472CB7}.Release|Windows Phone.ActiveCfg = Release|Any CPU
		{1FD694F5-F268-4DAE-B818-ECA6F3472CB7}.Release|x86.ActiveCfg = Release|x86
		{1FD694F5-F268-4DAE-B818-ECA6F3472CB7}.Release|x86.Build.0 = Release|x86
		{1FD694F5-F268-4DAE-B818-ECA6F3472CB7}.Release|x86.Deploy.0 = Release|x86
		{C0F94AFA-466F-4FC4-B5C1-6CD955F3FF88}.Debug|Any CPU.ActiveCfg = Debug|Win32
		{C0F94AFA-466F-4FC4-B5C1-6CD955F3FF88}.Debug|ARM.ActiveCfg = Debug|ARM
		{C0F94AFA-466F-4FC4-B5C1-6CD955F3FF88}.Debug|ARM.Build.0 = Debug|ARM
		{C0F94AFA-466F-4FC4-B5C1-6CD955F3FF88}.Debug|Mixed Platforms.ActiveCfg = Debug|Win32
		{C0F94AFA-466F-4FC4-B5C1-6CD955F3FF88}.Debug|Mixed Platforms.Build.0 = Debug|Win32
		{C0F94AFA-466F-4FC4-B5C1-6CD955F3FF88}.Debug|Win32.ActiveCfg = Debug|Win32
		{C0F94AFA-466F-4FC4-B5C1-6CD955F3FF88}.Debug|Win32.Build.0 = Debug|Win32
		{C0F94AFA-466F-4FC4-B5C1-6CD955F3FF88}.Debug|Windows Phone.ActiveCfg = Debug|Win32
		{C0F94AFA-466F-4FC4-B5C1-6CD955F3FF88}.Debug|x86.ActiveCfg = Debug|Win32
		{C0F94AFA-466F-4FC4-B5C1-6CD955F3FF88}.Debug|x86.Build.0 = Debug|Win32
		{C0F94AFA-466F-4FC4-B5C1-6CD955F3FF88}.Release|Any CPU.ActiveCfg = Release|Win32
		{C0F94AFA-466F-4FC4-B5C1-6CD955F3FF88}.Release|ARM.ActiveCfg = Release|ARM
		{C0F94AFA-466F-4FC4-B5C1-6CD955F3FF88}.Release|ARM.Build.0 = Release|ARM
		{C0F94AFA-466F-4FC4-B5C1-6CD955F3FF88}.Release|Mixed Platforms.ActiveCfg = Release|Win32
		{C0F94AFA-466F-4FC4-B5C1-6CD955F3FF88}.Release|Mixed Platforms.Build.0 = Release|Win32
		{C0F94AFA-466F-4FC4-B5C1-6CD955F3FF88}.Release|Win32.ActiveCfg = Release|Win32
		{C0F94AFA-466F-4FC4-B5C1-6CD955F3FF88}.Release|Win32.Build.0 = Release|Win32
		{C0F94AFA-466F-4FC4-B5C1-6CD955F3FF88}.Release|Windows Phone.ActiveCfg = Release|Win32
		{C0F94AFA-466F-4FC4-B5C1-6CD955F3FF88}.Release|x86.ActiveCfg = Release|Win32
		{C0F94AFA-466F-4FC4-B5C1-6CD955F3FF88}.Release|x86.Build.0 = Release|Win32
	EndGlobalSection
	GlobalSection(SolutionProperties) = preSolution
		HideSolutionNode = FALSE
	EndGlobalSection
EndGlobal
